// !$*UTF8*$!
{
	archiveVersion = 1;
	classes = {
	};
	objectVersion = 46;
	objects = {

/* Begin PBXBuildFile section */
		84D9D1781F42CECC0016C7A6 /* AppDelegate.swift in Sources */ = {isa = PBXBuildFile; fileRef = 84D9D1771F42CECC0016C7A6 /* AppDelegate.swift */; };
		84D9D17A1F42CECC0016C7A6 /* ViewController.swift in Sources */ = {isa = PBXBuildFile; fileRef = 84D9D1791F42CECC0016C7A6 /* ViewController.swift */; };
		84D9D17D1F42CECC0016C7A6 /* Main.storyboard in Resources */ = {isa = PBXBuildFile; fileRef = 84D9D17B1F42CECC0016C7A6 /* Main.storyboard */; };
		84D9D17F1F42CECC0016C7A6 /* Assets.xcassets in Resources */ = {isa = PBXBuildFile; fileRef = 84D9D17E1F42CECC0016C7A6 /* Assets.xcassets */; };
		84D9D1821F42CECC0016C7A6 /* LaunchScreen.storyboard in Resources */ = {isa = PBXBuildFile; fileRef = 84D9D1801F42CECC0016C7A6 /* LaunchScreen.storyboard */; };
		84D9D18A1F42D00B0016C7A6 /* phone-book.png in Resources */ = {isa = PBXBuildFile; fileRef = 84D9D1891F42D00A0016C7A6 /* phone-book.png */; };
/* End PBXBuildFile section */

/* Begin PBXFileReference section */
		84D9D1741F42CECB0016C7A6 /* ContactsBook.app */ = {isa = PBXFileReference; explicitFileType = wrapper.application; includeInIndex = 0; path = ContactsBook.app; sourceTree = BUILT_PRODUCTS_DIR; };
		84D9D1771F42CECC0016C7A6 /* AppDelegate.swift */ = {isa = PBXFileReference; lastKnownFileType = sourcecode.swift; path = AppDelegate.swift; sourceTree = "<group>"; };
		84D9D1791F42CECC0016C7A6 /* ViewController.swift */ = {isa = PBXFileReference; lastKnownFileType = sourcecode.swift; path = ViewController.swift; sourceTree = "<group>"; };
		84D9D17C1F42CECC0016C7A6 /* Base */ = {isa = PBXFileReference; lastKnownFileType = file.storyboard; name = Base; path = Base.lproj/Main.storyboard; sourceTree = "<group>"; };
		84D9D17E1F42CECC0016C7A6 /* Assets.xcassets */ = {isa = PBXFileReference; lastKnownFileType = folder.assetcatalog; path = Assets.xcassets; sourceTree = "<group>"; };
		84D9D1811F42CECC0016C7A6 /* Base */ = {isa = PBXFileReference; lastKnownFileType = file.storyboard; name = Base; path = Base.lproj/LaunchScreen.storyboard; sourceTree = "<group>"; };
		84D9D1831F42CECC0016C7A6 /* Info.plist */ = {isa = PBXFileReference; lastKnownFileType = text.plist.xml; path = Info.plist; sourceTree = "<group>"; };
		84D9D1891F42D00A0016C7A6 /* phone-book.png */ = {isa = PBXFileReference; lastKnownFileType = image.png; path = "phone-book.png"; sourceTree = "<group>"; };
/* End PBXFileReference section */

/* Begin PBXFrameworksBuildPhase section */
		84D9D1711F42CECB0016C7A6 /* Frameworks */ = {
			isa = PBXFrameworksBuildPhase;
			buildActionMask = 2147483647;
			files = (
			);
			runOnlyForDeploymentPostprocessing = 0;
		};
/* End PBXFrameworksBuildPhase section */

/* Begin PBXGroup section */
		84D9D16B1F42CECB0016C7A6 = {
			isa = PBXGroup;
			children = (
				84D9D1761F42CECB0016C7A6 /* ContactsBook */,
				84D9D1751F42CECB0016C7A6 /* Products */,
			);
			sourceTree = "<group>";
		};
		84D9D1751F42CECB0016C7A6 /* Products */ = {
			isa = PBXGroup;
			children = (
				84D9D1741F42CECB0016C7A6 /* ContactsBook.app */,
			);
			name = Products;
			sourceTree = "<group>";
		};
		84D9D1761F42CECB0016C7A6 /* ContactsBook */ = {
			isa = PBXGroup;
			children = (
				84D9D1771F42CECC0016C7A6 /* AppDelegate.swift */,
				84D9D1791F42CECC0016C7A6 /* ViewController.swift */,
				84D9D17B1F42CECC0016C7A6 /* Main.storyboard */,
				84D9D1891F42D00A0016C7A6 /* phone-book.png */,
				84D9D17E1F42CECC0016C7A6 /* Assets.xcassets */,
				84D9D1801F42CECC0016C7A6 /* LaunchScreen.storyboard */,
				84D9D1831F42CECC0016C7A6 /* Info.plist */,
			);
			path = ContactsBook;
			sourceTree = "<group>";
		};
/* End PBXGroup section */

/* Begin PBXNativeTarget section */
		84D9D1731F42CECB0016C7A6 /* ContactsBook */ = {
			isa = PBXNativeTarget;
			buildConfigurationList = 84D9D1861F42CECC0016C7A6 /* Build configuration list for PBXNativeTarget "ContactsBook" */;
			buildPhases = (
				84D9D1701F42CECB0016C7A6 /* Sources */,
				84D9D1711F42CECB0016C7A6 /* Frameworks */,
				84D9D1721F42CECB0016C7A6 /* Resources */,
			);
			buildRules = (
			);
			dependencies = (
			);
			name = ContactsBook;
			productName = ContactsBook;
			productReference = 84D9D1741F42CECB0016C7A6 /* ContactsBook.app */;
			productType = "com.apple.product-type.application";
		};
/* End PBXNativeTarget section */

/* Begin PBXProject section */
		84D9D16C1F42CECB0016C7A6 /* Project object */ = {
			isa = PBXProject;
			attributes = {
				LastSwiftUpdateCheck = 0830;
				LastUpgradeCheck = 0830;
				ORGANIZATIONNAME = fis;
				TargetAttributes = {
					84D9D1731F42CECB0016C7A6 = {
						CreatedOnToolsVersion = 8.3.3;
						ProvisioningStyle = Automatic;
					};
				};
			};
			buildConfigurationList = 84D9D16F1F42CECB0016C7A6 /* Build configuration list for PBXProject "ContactsBook" */;
			compatibilityVersion = "Xcode 3.2";
			developmentRegion = English;
			hasScannedForEncodings = 0;
			knownRegions = (
				en,
				Base,
			);
			mainGroup = 84D9D16B1F42CECB0016C7A6;
			productRefGroup = 84D9D1751F42CECB0016C7A6 /* Products */;
			projectDirPath = "";
			projectRoot = "";
			targets = (
				84D9D1731F42CECB0016C7A6 /* ContactsBook */,
			);
		};
/* End PBXProject section */

/* Begin PBXResourcesBuildPhase section */
		84D9D1721F42CECB0016C7A6 /* Resources */ = {
			isa = PBXResourcesBuildPhase;
			buildActionMask = 2147483647;
			files = (
				84D9D1821F42CECC0016C7A6 /* LaunchScreen.storyboard in Resources */,
				84D9D17F1F42CECC0016C7A6 /* Assets.xcassets in Resources */,
				84D9D17D1F42CECC0016C7A6 /* Main.storyboard in Resources */,
				84D9D18A1F42D00B0016C7A6 /* phone-book.png in Resources */,
			);
			runOnlyForDeploymentPostprocessing = 0;
		};
/* End PBXResourcesBuildPhase section */

/* Begin PBXSourcesBuildPhase section */
		84D9D1701F42CECB0016C7A6 /* Sources */ = {
			isa = PBXSourcesBuildPhase;
			buildActionMask = 2147483647;
			files = (
				84D9D17A1F42CECC0016C7A6 /* ViewController.swift in Sources */,
				84D9D1781F42CECC0016C7A6 /* AppDelegate.swift in Sources */,
			);
			runOnlyForDeploymentPostprocessing = 0;
		};
/* End PBXSourcesBuildPhase section */

/* Begin PBXVariantGroup section */
		84D9D17B1F42CECC0016C7A6 /* Main.storyboard */ = {
			isa = PBXVariantGroup;
			children = (
				84D9D17C1F42CECC0016C7A6 /* Base */,
			);
			name = Main.storyboard;
			sourceTree = "<group>";
		};
		84D9D1801F42CECC0016C7A6 /* LaunchScreen.storyboard */ = {
			isa = PBXVariantGroup;
			children = (
				84D9D1811F42CECC0016C7A6 /* Base */,
			);
			name = LaunchScreen.storyboard;
			sourceTree = "<group>";
		};
/* End PBXVariantGroup section */

/* Begin XCBuildConfiguration section */
		84D9D1841F42CECC0016C7A6 /* Debug */ = {
			isa = XCBuildConfiguration;
			buildSettings = {
				ALWAYS_SEARCH_USER_PATHS = NO;
				CLANG_ANALYZER_NONNULL = YES;
				CLANG_ANALYZER_NUMBER_OBJECT_CONVERSION = YES_AGGRESSIVE;
				CLANG_CXX_LANGUAGE_STANDARD = "gnu++0x";
				CLANG_CXX_LIBRARY = "libc++";
				CLANG_ENABLE_MODULES = YES;
				CLANG_ENABLE_OBJC_ARC = YES;
				CLANG_WARN_BOOL_CONVERSION = YES;
				CLANG_WARN_CONSTANT_CONVERSION = YES;
				CLANG_WARN_DIRECT_OBJC_ISA_USAGE = YES_ERROR;
				CLANG_WARN_DOCUMENTATION_COMMENTS = YES;
				CLANG_WARN_EMPTY_BODY = YES;
				CLANG_WARN_ENUM_CONVERSION = YES;
				CLANG_WARN_INFINITE_RECURSION = YES;
				CLANG_WARN_INT_CONVERSION = YES;
				CLANG_WARN_OBJC_ROOT_CLASS = YES_ERROR;
				CLANG_WARN_SUSPICIOUS_MOVE = YES;
				CLANG_WARN_UNREACHABLE_CODE = YES;
				CLANG_WARN__DUPLICATE_METHOD_MATCH = YES;
				"CODE_SIGN_IDENTITY[sdk=iphoneos*]" = "iPhone Developer";
				COPY_PHASE_STRIP = NO;
				DEBUG_INFORMATION_FORMAT = dwarf;
				ENABLE_STRICT_OBJC_MSGSEND = YES;
				ENABLE_TESTABILITY = YES;
				GCC_C_LANGUAGE_STANDARD = gnu99;
				GCC_DYNAMIC_NO_PIC = NO;
				GCC_NO_COMMON_BLOCKS = YES;
				GCC_OPTIMIZATION_LEVEL = 0;
				GCC_PREPROCESSOR_DEFINITIONS = (
					"DEBUG=1",
					"$(inherited)",
				);
				GCC_WARN_64_TO_32_BIT_CONVERSION = YES;
				GCC_WARN_ABOUT_RETURN_TYPE = YES_ERROR;
				GCC_WARN_UNDECLARED_SELECTOR = YES;
				GCC_WARN_UNINITIALIZED_AUTOS = YES_AGGRESSIVE;
				GCC_WARN_UNUSED_FUNCTION = YES;
				GCC_WARN_UNUSED_VARIABLE = YES;
				IPHONEOS_DEPLOYMENT_TARGET = 10.3;
				MTL_ENABLE_DEBUG_INFO = YES;
				ONLY_ACTIVE_ARCH = YES;
				SDKROOT = iphoneos;
				SWIFT_ACTIVE_COMPILATION_CONDITIONS = DEBUG;
				SWIFT_OPTIMIZATION_LEVEL = "-Onone";
			};
			name = Debug;
		};
		84D9D1851F42CECC0016C7A6 /* Release */ = {
			isa = XCBuildConfiguration;
			buildSettings = {
				ALWAYS_SEARCH_USER_PATHS = NO;
				CLANG_ANALYZER_NONNULL = YES;
				CLANG_ANALYZER_NUMBER_OBJECT_CONVERSION = YES_AGGRESSIVE;
				CLANG_CXX_LANGUAGE_STANDARD = "gnu++0x";
				CLANG_CXX_LIBRARY = "libc++";
				CLANG_ENABLE_MODULES = YES;
				CLANG_ENABLE_OBJC_ARC = YES;
				CLANG_WARN_BOOL_CONVERSION = YES;
				CLANG_WARN_CONSTANT_CONVERSION = YES;
				CLANG_WARN_DIRECT_OBJC_ISA_USAGE = YES_ERROR;
				CLANG_WARN_DOCUMENTATION_COMMENTS = YES;
				CLANG_WARN_EMPTY_BODY = YES;
				CLANG_WARN_ENUM_CONVERSION = YES;
				CLANG_WARN_INFINITE_RECURSION = YES;
				CLANG_WARN_INT_CONVERSION = YES;
				CLANG_WARN_OBJC_ROOT_CLASS = YES_ERROR;
				CLANG_WARN_SUSPICIOUS_MOVE = YES;
				CLANG_WARN_UNREACHABLE_CODE = YES;
				CLANG_WARN__DUPLICATE_METHOD_MATCH = YES;
				"CODE_SIGN_IDENTITY[sdk=iphoneos*]" = "iPhone Developer";
				COPY_PHASE_STRIP = NO;
				DEBUG_INFORMATION_FORMAT = "dwarf-with-dsym";
				ENABLE_NS_ASSERTIONS = NO;
				ENABLE_STRICT_OBJC_MSGSEND = YES;
				GCC_C_LANGUAGE_STANDARD = gnu99;
				GCC_NO_COMMON_BLOCKS = YES;
				GCC_WARN_64_TO_32_BIT_CONVERSION = YES;
				GCC_WARN_ABOUT_RETURN_TYPE = YES_ERROR;
				GCC_WARN_UNDECLARED_SELECTOR = YES;
				GCC_WARN_UNINITIALIZED_AUTOS = YES_AGGRESSIVE;
				GCC_WARN_UNUSED_FUNCTION = YES;
				GCC_WARN_UNUSED_VARIABLE = YES;
				IPHONEOS_DEPLOYMENT_TARGET = 10.3;
				MTL_ENABLE_DEBUG_INFO = NO;
				SDKROOT = iphoneos;
				SWIFT_OPTIMIZATION_LEVEL = "-Owholemodule";
				VALIDATE_PRODUCT = YES;
			};
			name = Release;
		};
		84D9D1871F42CECC0016C7A6 /* Debug */ = {
			isa = XCBuildConfiguration;
			buildSettings = {
				ASSETCATALOG_COMPILER_APPICON_NAME = AppIcon;
				INFOPLIST_FILE = ContactsBook/Info.plist;
				LD_RUNPATH_SEARCH_PATHS = "$(inherited) @executable_path/Frameworks";
				PRODUCT_BUNDLE_IDENTIFIER = com.fis.ContactsBook;
				PRODUCT_NAME = "$(TARGET_NAME)";
				SWIFT_VERSION = 3.0;
			};
			name = Debug;
		};
		84D9D1881F42CECC0016C7A6 /* Release */ = {
			isa = XCBuildConfiguration;
			buildSettings = {
				ASSETCATALOG_COMPILER_APPICON_NAME = AppIcon;
				INFOPLIST_FILE = ContactsBook/Info.plist;
				LD_RUNPATH_SEARCH_PATHS = "$(inherited) @executable_path/Frameworks";
				PRODUCT_BUNDLE_IDENTIFIER = com.fis.ContactsBook;
				PRODUCT_NAME = "$(TARGET_NAME)";
				SWIFT_VERSION = 3.0;
			};
			name = Release;
		};
/* End XCBuildConfiguration section */

/* Begin XCConfigurationList section */
		84D9D16F1F42CECB0016C7A6 /* Build configuration list for PBXProject "ContactsBook" */ = {
			isa = XCConfigurationList;
			buildConfigurations = (
				84D9D1841F42CECC0016C7A6 /* Debug */,
				84D9D1851F42CECC0016C7A6 /* Release */,
			);
			defaultConfigurationIsVisible = 0;
			defaultConfigurationName = Release;
		};
		84D9D1861F42CECC0016C7A6 /* Build configuration list for PBXNativeTarget "ContactsBook" */ = {
			isa = XCConfigurationList;
			buildConfigurations = (
				84D9D1871F42CECC0016C7A6 /* Debug */,
				84D9D1881F42CECC0016C7A6 /* Release */,
			);
			defaultConfigurationIsVisible = 0;
			defaultConfigurationName = Release;
		};
/* End XCConfigurationList section */
	};
	rootObject = 84D9D16C1F42CECB0016C7A6 /* Project object */;
}
